#
# This file is autogenerated by pip-compile with Python 3.13
# by the following command:
#
#    pip-compile --output-file=- --strip-extras pyproject.toml
#
aioice==0.10.2
    # via aiortc
aiortc==1.14.0
    # via openmarquee (pyproject.toml)
annotated-doc==0.0.4
    # via fastapi
annotated-types==0.7.0
    # via pydantic
anyio==4.13.0
    # via
    #   httpx
    #   starlette
    #   watchfiles
argon2-cffi==25.1.0
    # via openmarquee (pyproject.toml)
argon2-cffi-bindings==25.1.0
    # via argon2-cffi
av==16.1.0
    # via aiortc
certifi==2026.5.20
    # via
    #   httpcore
    #   httpx
cffi==2.0.0
    # via
    #   argon2-cffi-bindings
    #   cryptography
    #   pylibsrtp
click==8.4.1
    # via uvicorn
cryptography==48.0.0
    # via
    #   aiortc
    #   pyopenssl
dnspython==2.8.0
    # via aioice
fastapi==0.136.3
    # via openmarquee (pyproject.toml)
google-crc32c==1.8.0
    # via aiortc
h11==0.16.0
    # via
    #   httpcore
    #   uvicorn
httpcore==1.0.9
    # via httpx
httptools==0.7.1
    # via uvicorn
httpx==0.28.1
    # via openmarquee (pyproject.toml)
idna==3.16
    # via
    #   anyio
    #   httpx
ifaddr==0.2.0
    # via aioice
numpy==2.4.6
    # via openmarquee (pyproject.toml)
pillow==12.2.0
    # via openmarquee (pyproject.toml)
pycparser==3.0
    # via cffi
pydantic==2.13.4
    # via fastapi
pydantic-core==2.46.4
    # via pydantic
pyee==13.0.1
    # via aiortc
pylibsrtp==1.0.0
    # via aiortc
pyopenssl==26.2.0
    # via aiortc
python-dotenv==1.2.2
    # via uvicorn
pyyaml==6.0.3
    # via uvicorn
starlette==1.1.0
    # via fastapi
typing-extensions==4.15.0
    # via
    #   fastapi
    #   pydantic
    #   pydantic-core
    #   pyee
    #   typing-inspection
typing-inspection==0.4.2
    # via
    #   fastapi
    #   pydantic
uvicorn==0.47.0
    # via openmarquee (pyproject.toml)
uvloop==0.22.1
    # via uvicorn
watchfiles==1.2.0
    # via uvicorn
websockets==16.0
    # via uvicorn
